{
    "_meta": {
        "hash": {
            "sha256": "e4aeab7c54c0b38038fdef0396dddba232b57e943575f4ada0956ce346a07adf"
        },
        "pipfile-spec": 6,
        "requires": {
            "python_version": "3.7"
        },
        "sources": [
            {
                "name": "pypi",
                "url": "https://pypi.org/simple",
                "verify_ssl": true
            }
        ]
    },
    "default": {
        "attrs": {
            "hashes": [
                "sha256:08a96c641c3a74e44eb59afb61a24f2cb9f4d7188748e76ba4bb5edfa3cb7d1c",
                "sha256:f7b7ce16570fe9965acd6d30101a28f62fb4a7f9e926b3bbc9b61f8b04247e72"
            ],
            "version": "==19.3.0"
        },
        "backcall": {
            "hashes": [
                "sha256:38ecd85be2c1e78f77fd91700c76e14667dc21e2713b63876c0eb901196e01e4",
                "sha256:bbbf4b1e5cd2bdb08f915895b51081c041bac22394fdfcfdfbe9f14b77c08bf2"
            ],
            "version": "==0.1.0"
        },
        "bleach": {
            "hashes": [
                "sha256:cc8da25076a1fe56c3ac63671e2194458e0c4d9c7becfd52ca251650d517903c",
                "sha256:e78e426105ac07026ba098f04de8abe9b6e3e98b5befbf89b51a5ef0a4292b03"
            ],
            "index": "pypi",
            "version": "==3.1.4"
        },
        "cached-property": {
            "hashes": [
                "sha256:3a026f1a54135677e7da5ce819b0c690f156f37976f3e30c5430740725203d7f",
                "sha256:9217a59f14a5682da7c4b8829deadbfc194ac22e9908ccf7c8820234e80a1504"
            ],
            "index": "pypi",
            "version": "==1.5.1"
        },
        "click": {
            "hashes": [
                "sha256:2335065e6395b9e67ca716de5f7526736bfa6ceead690adf616d925bdc622b13",
                "sha256:5b94b49521f6456670fdb30cd82a4eca9412788a93fa6dd6df72c94d5a8ff2d7"
            ],
            "index": "pypi",
            "version": "==7.0"
        },
        "dateparser": {
            "hashes": [
                "sha256:1b1f0e3034f82d1f92b45fa445826da6a36d67af8a1169e04869685594276011",
                "sha256:fb5bfde4795fa4b179fe05c2c25b3981f785de26bec37e247dee1079c63d5689"
            ],
            "version": "==0.7.4"
        },
        "decorator": {
            "hashes": [
                "sha256:41fa54c2a0cc4ba648be4fd43cff00aedf5b9465c9bf18d64325bc225f08f760",
                "sha256:e3a62f0520172440ca0dcc823749319382e377f37f140a0b99ef45fecb84bfe7"
            ],
            "version": "==4.4.2"
        },
        "defusedxml": {
            "hashes": [
                "sha256:6687150770438374ab581bb7a1b327a847dd9c5749e396102de3fad4e8a3ef93",
                "sha256:f684034d135af4c6cbb949b8a4d2ed61634515257a67299e5f940fbaa34377f5"
            ],
            "version": "==0.6.0"
        },
        "entrypoints": {
            "hashes": [
                "sha256:589f874b313739ad35be6e0cd7efde2a4e9b6fea91edcc34e58ecbb8dbe56d19",
                "sha256:c70dd71abe5a8c85e55e12c19bd91ccfeec11a6e99044204511f9ed547d48451"
            ],
            "version": "==0.3"
        },
        "humanize": {
            "hashes": [
                "sha256:0b3157df0f3fcdcb7611180d305a23fd4b6290eb23586e058762f8576348fbab",
                "sha256:de8ef6ffee618a9d369b3d1fb1359780ccaa2cc76a0e777c6ff21f04d19a0eb8"
            ],
            "version": "==2.2.0"
        },
        "importlib-metadata": {
            "hashes": [
                "sha256:2a688cbaa90e0cc587f1df48bdc97a6eadccdcd9c35fb3f976a09e3b5016d90f",
                "sha256:34513a8a0c4962bc66d35b359558fd8a5e10cd472d37aec5f66858addef32c1e"
            ],
            "markers": "python_version < '3.8'",
            "version": "==1.6.0"
        },
        "ipykernel": {
            "hashes": [
                "sha256:37c65d2e2da3326e5cf114405df6d47d997b8a3eba99e2cc4b75833bf71a5e18",
                "sha256:39746b5f7d847a23fae4eac893e63e3d9cc5f8c3a4797fcd3bfa8d1a296ec6ed"
            ],
            "version": "==5.2.0"
        },
        "ipython": {
            "hashes": [
                "sha256:6a9496209b76463f1dec126ab928919aaf1f55b38beb9219af3fe202f6bbdd12",
                "sha256:f69932b1e806b38a7818d9a1e918e5821b685715040b48e59c657b3c7961b742"
            ],
            "index": "pypi",
            "version": "==7.2.0"
        },
        "ipython-genutils": {
            "hashes": [
                "sha256:72dd37233799e619666c9f639a9da83c34013a73e8bbc79a7a6348d93c61fab8",
                "sha256:eb2e116e75ecef9d4d228fdc66af54269afa26ab4463042e33785b887c628ba8"
            ],
            "version": "==0.2.0"
        },
        "isodate": {
            "hashes": [
                "sha256:2e364a3d5759479cdb2d37cce6b9376ea504db2ff90252a2e5b7cc89cc9ff2d8",
                "sha256:aa4d33c06640f5352aca96e4b81afd8ab3b47337cc12089822d6f322ac772c81"
            ],
            "version": "==0.6.0"
        },
        "jedi": {
            "hashes": [
                "sha256:b4f4052551025c6b0b0b193b29a6ff7bdb74c52450631206c262aef9f7159ad2",
                "sha256:d5c871cb9360b414f981e7072c52c33258d598305280fef91c6cae34739d65d5"
            ],
            "version": "==0.16.0"
        },
        "jinja2": {
            "hashes": [
                "sha256:93187ffbc7808079673ef52771baa950426fd664d3aad1d0fa3e95644360e250",
                "sha256:b0eaf100007721b5c16c1fc1eecb87409464edc10469ddc9a22a27a99123be49"
            ],
            "version": "==2.11.1"
        },
        "jsonschema": {
            "hashes": [
                "sha256:4e5b3cf8216f577bee9ce139cbe72eca3ea4f292ec60928ff24758ce626cd163",
                "sha256:c8a85b28d377cc7737e46e2d9f2b4f44ee3c0e1deac6bf46ddefc7187d30797a"
            ],
            "version": "==3.2.0"
        },
        "jupyter-client": {
            "hashes": [
                "sha256:5724827aedb1948ed6ed15131372bc304a8d3ad9ac67ac19da7c95120d6b17e0",
                "sha256:81c1c712de383bf6bf3dab6b407392b0d84d814c7bd0ce2c7035ead8b2ffea97"
            ],
            "version": "==6.1.2"
        },
        "jupyter-core": {
            "hashes": [
                "sha256:394fd5dd787e7c8861741880bdf8a00ce39f95de5d18e579c74b882522219e7e",
                "sha256:a4ee613c060fe5697d913416fc9d553599c05e4492d58fac1192c9a6844abb21"
            ],
            "version": "==4.6.3"
        },
        "jupyterlab": {
            "hashes": [
                "sha256:c48f092526f6d5f12b039118bd92401ab605f49d17050ac71c0d809e86b15036",
                "sha256:deba0b2803640fcad72c61366bff11d5945173015961586d5e3b2f629ffeb455"
            ],
            "index": "pypi",
            "version": "==0.35.4"
        },
        "jupyterlab-server": {
            "hashes": [
                "sha256:65eaf85b27a37380329fbdd8ebd095a0bd65fe9261d73ef6a1abee1dbaeaac1f",
                "sha256:72d916a73957a880cdb885def6d8664a6d1b2760ef5dca5ad665aa1e8d1bb783"
            ],
            "version": "==0.2.0"
        },
        "lxml": {
            "hashes": [
                "sha256:02bc220d61f46e9b9d5a53c361ef95e9f5e1d27171cd461dddb17677ae2289a5",
                "sha256:22f253b542a342755f6cfc047fe4d3a296515cf9b542bc6e261af45a80b8caf6",
                "sha256:2f31145c7ff665b330919bfa44aacd3a0211a76ca7e7b441039d2a0b0451e415",
                "sha256:36720698c29e7a9626a0dc802ef8885f8f0239bfd1689628ecd459a061f2807f",
                "sha256:438a1b0203545521f6616132bfe0f4bca86f8a401364008b30e2b26ec408ce85",
                "sha256:4815892904c336bbaf73dafd54f45f69f4021c22b5bad7332176bbf4fb830568",
                "sha256:5be031b0f15ad63910d8e5038b489d95a79929513b3634ad4babf77100602588",
                "sha256:5c93ae37c3c588e829b037fdfbd64a6e40c901d3f93f7beed6d724c44829a3ad",
                "sha256:60842230678674cdac4a1cf0f707ef12d75b9a4fc4a565add4f710b5fcf185d5",
                "sha256:62939a8bb6758d1bf923aa1c13f0bcfa9bf5b2fc0f5fa917a6e25db5fe0cfa4e",
                "sha256:75830c06a62fe7b8fe3bbb5f269f0b308f19f3949ac81cfd40062f47c1455faf",
                "sha256:81992565b74332c7c1aff6a913a3e906771aa81c9d0c68c68113cffcae45bc53",
                "sha256:8c892fb0ee52c594d9a7751c7d7356056a9682674b92cc1c4dc968ff0f30c52f",
                "sha256:9d862e3cf4fc1f2837dedce9c42269c8c76d027e49820a548ac89fdcee1e361f",
                "sha256:a623965c086a6e91bb703d4da62dabe59fe88888e82c4117d544e11fd74835d6",
                "sha256:a7783ab7f6a508b0510490cef9f857b763d796ba7476d9703f89722928d1e113",
                "sha256:aab09fbe8abfa3b9ce62aaf45aca2d28726b1b9ee44871dbe644050a2fff4940",
                "sha256:abf181934ac3ef193832fb973fd7f6149b5c531903c2ec0f1220941d73eee601",
                "sha256:ae07fa0c115733fce1e9da96a3ac3fa24801742ca17e917e0c79d63a01eeb843",
                "sha256:b9c78242219f674ab645ec571c9a95d70f381319a23911941cd2358a8e0521cf",
                "sha256:bccb267678b870d9782c3b44d0cefe3ba0e329f9af8c946d32bf3778e7a4f271",
                "sha256:c4df4d27f4c93b2cef74579f00b1d3a31a929c7d8023f870c4b476f03a274db4",
                "sha256:caf0e50b546bb60dfa99bb18dfa6748458a83131ecdceaf5c071d74907e7e78a",
                "sha256:d3266bd3ac59ac4edcd5fa75165dee80b94a3e5c91049df5f7c057ccf097551c",
                "sha256:db0d213987bcd4e6d41710fb4532b22315b0d8fb439ff901782234456556aed1",
                "sha256:dbbd5cf7690a40a9f0a9325ab480d0fccf46d16b378eefc08e195d84299bfae1",
                "sha256:e16e07a0ec3a75b5ee61f2b1003c35696738f937dc8148fbda9fe2147ccb6e61",
                "sha256:e175a006725c7faadbe69e791877d09936c0ef2cf49d01b60a6c1efcb0e8be6f",
                "sha256:edd9c13a97f6550f9da2236126bb51c092b3b1ce6187f2bd966533ad794bbb5e",
                "sha256:fa39ea60d527fbdd94215b5e5552f1c6a912624521093f1384a491a8ad89ad8b"
            ],
            "index": "pypi",
            "version": "==4.2.5"
        },
        "markupsafe": {
            "hashes": [
                "sha256:00bc623926325b26bb9605ae9eae8a215691f33cae5df11ca5424f06f2d1f473",
                "sha256:09027a7803a62ca78792ad89403b1b7a73a01c8cb65909cd876f7fcebd79b161",
                "sha256:09c4b7f37d6c648cb13f9230d847adf22f8171b1ccc4d5682398e77f40309235",
                "sha256:1027c282dad077d0bae18be6794e6b6b8c91d58ed8a8d89a89d59693b9131db5",
                "sha256:13d3144e1e340870b25e7b10b98d779608c02016d5184cfb9927a9f10c689f42",
                "sha256:24982cc2533820871eba85ba648cd53d8623687ff11cbb805be4ff7b4c971aff",
                "sha256:29872e92839765e546828bb7754a68c418d927cd064fd4708fab9fe9c8bb116b",
                "sha256:43a55c2930bbc139570ac2452adf3d70cdbb3cfe5912c71cdce1c2c6bbd9c5d1",
                "sha256:46c99d2de99945ec5cb54f23c8cd5689f6d7177305ebff350a58ce5f8de1669e",
                "sha256:500d4957e52ddc3351cabf489e79c91c17f6e0899158447047588650b5e69183",
                "sha256:535f6fc4d397c1563d08b88e485c3496cf5784e927af890fb3c3aac7f933ec66",
                "sha256:596510de112c685489095da617b5bcbbac7dd6384aeebeda4df6025d0256a81b",
                "sha256:62fe6c95e3ec8a7fad637b7f3d372c15ec1caa01ab47926cfdf7a75b40e0eac1",
                "sha256:6788b695d50a51edb699cb55e35487e430fa21f1ed838122d722e0ff0ac5ba15",
                "sha256:6dd73240d2af64df90aa7c4e7481e23825ea70af4b4922f8ede5b9e35f78a3b1",
                "sha256:717ba8fe3ae9cc0006d7c451f0bb265ee07739daf76355d06366154ee68d221e",
                "sha256:79855e1c5b8da654cf486b830bd42c06e8780cea587384cf6545b7d9ac013a0b",
                "sha256:7c1699dfe0cf8ff607dbdcc1e9b9af1755371f92a68f706051cc8c37d447c905",
                "sha256:88e5fcfb52ee7b911e8bb6d6aa2fd21fbecc674eadd44118a9cc3863f938e735",
                "sha256:8defac2f2ccd6805ebf65f5eeb132adcf2ab57aa11fdf4c0dd5169a004710e7d",
                "sha256:98c7086708b163d425c67c7a91bad6e466bb99d797aa64f965e9d25c12111a5e",
                "sha256:9add70b36c5666a2ed02b43b335fe19002ee5235efd4b8a89bfcf9005bebac0d",
                "sha256:9bf40443012702a1d2070043cb6291650a0841ece432556f784f004937f0f32c",
                "sha256:ade5e387d2ad0d7ebf59146cc00c8044acbd863725f887353a10df825fc8ae21",
                "sha256:b00c1de48212e4cc9603895652c5c410df699856a2853135b3967591e4beebc2",
                "sha256:b1282f8c00509d99fef04d8ba936b156d419be841854fe901d8ae224c59f0be5",
                "sha256:b2051432115498d3562c084a49bba65d97cf251f5a331c64a12ee7e04dacc51b",
                "sha256:ba59edeaa2fc6114428f1637ffff42da1e311e29382d81b339c1817d37ec93c6",
                "sha256:c8716a48d94b06bb3b2524c2b77e055fb313aeb4ea620c8dd03a105574ba704f",
                "sha256:cd5df75523866410809ca100dc9681e301e3c27567cf498077e8551b6d20e42f",
                "sha256:cdb132fc825c38e1aeec2c8aa9338310d29d337bebbd7baa06889d09a60a1fa2",
                "sha256:e249096428b3ae81b08327a63a485ad0878de3fb939049038579ac0ef61e17e7",
                "sha256:e8313f01ba26fbbe36c7be1966a7b7424942f670f38e666995b88d012765b9be"
            ],
            "version": "==1.1.1"
        },
        "maya": {
            "hashes": [
                "sha256:6f63bc69aa77309fc220bc02618da8701a21da87c2e7a747ee5ccd56a907c3a5",
                "sha256:f526bc8596d993f4bd9755668f66aaf61d635bb4149e084d4a2bc0ebe42aa0b6"
            ],
            "index": "pypi",
            "version": "==0.5.0"
        },
        "mistune": {
            "hashes": [
                "sha256:59a3429db53c50b5c6bcc8a07f8848cb00d7dc8bdb431a4ab41920d201d4756e",
                "sha256:88a1051873018da288eee8538d476dffe1262495144b33ecb586c4ab266bb8d4"
            ],
            "version": "==0.8.4"
        },
        "nbconvert": {
            "hashes": [
                "sha256:21fb48e700b43e82ba0e3142421a659d7739b65568cc832a13976a77be16b523",
                "sha256:f0d6ec03875f96df45aa13e21fd9b8450c42d7e1830418cccc008c0df725fcee"
            ],
            "version": "==5.6.1"
        },
        "nbformat": {
            "hashes": [
                "sha256:562de41fc7f4f481b79ab5d683279bf3a168858268d4387b489b7b02be0b324a",
                "sha256:f4bbbd8089bd346488f00af4ce2efb7f8310a74b2058040d075895429924678c"
            ],
            "version": "==5.0.4"
        },
        "notebook": {
            "hashes": [
                "sha256:3edc616c684214292994a3af05eaea4cc043f6b4247d830f3a2f209fa7639a80",
                "sha256:47a9092975c9e7965ada00b9a20f0cf637d001db60d241d479f53c0be117ad48"
            ],
            "version": "==6.0.3"
        },
        "pandocfilters": {
            "hashes": [
                "sha256:b3dd70e169bb5449e6bc6ff96aea89c5eea8c5f6ab5e207fc2f521a2cf4a0da9"
            ],
            "version": "==1.4.2"
        },
        "parso": {
            "hashes": [
                "sha256:0c5659e0c6eba20636f99a04f469798dca8da279645ce5c387315b2c23912157",
                "sha256:8515fc12cfca6ee3aa59138741fc5624d62340c97e401c74875769948d4f2995"
            ],
            "version": "==0.6.2"
        },
        "pendulum": {
            "hashes": [
                "sha256:4173ce3e81ad0d9d61dbce86f4286c43a26a398270df6a0a89f501f0c28ad27d",
                "sha256:56a347d0457859c84b8cdba161fc37c7df5db9b3becec7881cd770e9d2058b3c",
                "sha256:738878168eb26e5446da5d1f7b3312ae993a542061be8882099c00ef4866b1a2",
                "sha256:95536b33ae152e3c831eb236c1bf9ac9dcfb3b5b98fdbe8e9e601eab6c373897",
                "sha256:c04fcf955e622e97e405e5f6d1b1f4a7adc69d79d82f3609643de69283170d6d",
                "sha256:dd6500d27bb7ccc029d497da4f9bd09549bd3c0ea276dad894ea2fdf309e83f3",
                "sha256:ddaf97a061eb5e2ae37857a8cb548e074125017855690d20e443ad8d9f31e164",
                "sha256:e7df37447824f9af0b58c7915a4caf349926036afd86ad38e7529a6b2f8fc34b",
                "sha256:e9732b8bb214fad2c72ddcbfec07542effa8a8b704e174347ede1ff8dc679cce",
                "sha256:f4eee1e1735487d9d25cc435c519fd4380cb1f82cde3ebad1efbc2fc30deca5b"
            ],
            "version": "==1.5.1"
        },
        "pexpect": {
            "hashes": [
                "sha256:0b48a55dcb3c05f3329815901ea4fc1537514d6ba867a152b581d69ae3710937",
                "sha256:fc65a43959d153d0114afe13997d439c22823a27cefceb5ff35c2178c6784c0c"
            ],
            "markers": "sys_platform != 'win32'",
            "version": "==4.8.0"
        },
        "pickleshare": {
            "hashes": [
                "sha256:87683d47965c1da65cdacaf31c8441d12b8044cdec9aca500cd78fc2c683afca",
                "sha256:9649af414d74d4df115d5d718f82acb59c9d418196b7b4290ed47a12ce62df56"
            ],
            "version": "==0.7.5"
        },
        "prometheus-client": {
            "hashes": [
                "sha256:71cd24a2b3eb335cb800c7159f423df1bd4dcd5171b234be15e3f31ec9f622da"
            ],
            "version": "==0.7.1"
        },
        "prompt-toolkit": {
            "hashes": [
                "sha256:46642344ce457641f28fc9d1c9ca939b63dadf8df128b86f1b9860e59c73a5e4",
                "sha256:e7f8af9e3d70f514373bf41aa51bc33af12a6db3f71461ea47fea985defb2c31",
                "sha256:f15af68f66e664eaa559d4ac8a928111eebd5feda0c11738b5998045224829db"
            ],
            "version": "==2.0.10"
        },
        "ptyprocess": {
            "hashes": [
                "sha256:923f299cc5ad920c68f2bc0bc98b75b9f838b93b599941a6b63ddbc2476394c0",
                "sha256:d7cc528d76e76342423ca640335bd3633420dc1366f258cb31d05e865ef5ca1f"
            ],
            "markers": "os_name != 'nt'",
            "version": "==0.6.0"
        },
        "pygments": {
            "hashes": [
                "sha256:647344a061c249a3b74e230c739f434d7ea4d8b1d5f3721bc0f3558049b38f44",
                "sha256:ff7a40b4860b727ab48fad6360eb351cc1b33cbf9b15a0f689ca5353e9463324"
            ],
            "version": "==2.6.1"
        },
        "pyparsing": {
            "hashes": [
                "sha256:4c830582a84fb022400b85429791bc551f1f4871c33f23e44f353119e92f969f",
                "sha256:c342dccb5250c08d45fd6f8b4a559613ca603b57498511740e65cd11a2e7dcec"
            ],
            "version": "==2.4.6"
        },
        "pyrsistent": {
            "hashes": [
                "sha256:28669905fe725965daa16184933676547c5bb40a5153055a8dee2a4bd7933ad3"
            ],
            "version": "==0.16.0"
        },
        "python-dateutil": {
            "hashes": [
                "sha256:73ebfe9dbf22e832286dafa60473e4cd239f8592f699aa5adaf10050e6e1823c",
                "sha256:75bb3f31ea686f1197762692a9ee6a7550b59fc6ca3a1f4b5d7e32fb98e2da2a"
            ],
            "version": "==2.8.1"
        },
        "pytz": {
            "hashes": [
                "sha256:1c557d7d0e871de1f5ccd5833f60fb2550652da6be2693c1e02300743d21500d",
                "sha256:b02c06db6cf09c12dd25137e563b31700d3b80fcc4ad23abb7a315f2789819be"
            ],
            "version": "==2019.3"
        },
        "pytzdata": {
            "hashes": [
                "sha256:84c52b9a47d097fcd483f047a544979de6c3a86e94c845e3569e9f8acd0fa071",
                "sha256:fac06f7cdfa903188dc4848c655e4adaee67ee0f2fe08e7daf815cf2a761ee5e"
            ],
            "version": "==2019.3"
        },
        "pyzmq": {
            "hashes": [
                "sha256:0bbc1728fe4314b4ca46249c33873a390559edac7c217ec7001b5e0c34a8fb7f",
                "sha256:1e076ad5bd3638a18c376544d32e0af986ca10d43d4ce5a5d889a8649f0d0a3d",
                "sha256:242d949eb6b10197cda1d1cec377deab1d5324983d77e0d0bf9dc5eb6d71a6b4",
                "sha256:26f4ae420977d2a8792d7c2d7bda43128b037b5eeb21c81951a94054ad8b8843",
                "sha256:32234c21c5e0a767c754181c8112092b3ddd2e2a36c3f76fc231ced817aeee47",
                "sha256:3f12ce1e9cc9c31497bd82b207e8e86ccda9eebd8c9f95053aae46d15ccd2196",
                "sha256:4557d5e036e6d85715b4b9fdb482081398da1d43dc580d03db642b91605b409f",
                "sha256:4f562dab21c03c7aa061f63b147a595dbe1006bf4f03213272fc9f7d5baec791",
                "sha256:5e071b834051e9ecb224915398f474bfad802c2fff883f118ff5363ca4ae3edf",
                "sha256:5e1f65e576ab07aed83f444e201d86deb01cd27dcf3f37c727bc8729246a60a8",
                "sha256:5f10a31f288bf055be76c57710807a8f0efdb2b82be6c2a2b8f9a61f33a40cea",
                "sha256:6aaaf90b420dc40d9a0e1996b82c6a0ff91d9680bebe2135e67c9e6d197c0a53",
                "sha256:75238d3c16cab96947705d5709187a49ebb844f54354cdf0814d195dd4c045de",
                "sha256:7f7e7b24b1d392bb5947ba91c981e7d1a43293113642e0d8870706c8e70cdc71",
                "sha256:84b91153102c4bcf5d0f57d1a66a0f03c31e9e6525a5f656f52fc615a675c748",
                "sha256:944f6bb5c63140d76494467444fd92bebd8674236837480a3c75b01fe17df1ab",
                "sha256:a1f957c20c9f51d43903881399b078cddcf710d34a2950e88bce4e494dcaa4d1",
                "sha256:a49fd42a29c1cc1aa9f461c5f2f5e0303adba7c945138b35ee7f4ab675b9f754",
                "sha256:a99ae601b4f6917985e9bb071549e30b6f93c72f5060853e197bdc4b7d357e5f",
                "sha256:ad48865a29efa8a0cecf266432ea7bc34e319954e55cf104be0319c177e6c8f5",
                "sha256:b08e425cf93b4e018ab21dc8fdbc25d7d0502a23cc4fea2380010cf8cf11e462",
                "sha256:bb10361293d96aa92be6261fa4d15476bca56203b3a11c62c61bd14df0ef89ba",
                "sha256:bd1a769d65257a7a12e2613070ca8155ee348aa9183f2aadf1c8b8552a5510f5",
                "sha256:cb3b7156ef6b1a119e68fbe3a54e0a0c40ecacc6b7838d57dd708c90b62a06dc",
                "sha256:e8e4efb52ec2df8d046395ca4c84ae0056cf507b2f713ec803c65a8102d010de",
                "sha256:f37c29da2a5b0c5e31e6f8aab885625ea76c807082f70b2d334d3fd573c3100a",
                "sha256:f4d558bc5668d2345773a9ff8c39e2462dafcb1f6772a2e582fbced389ce527f",
                "sha256:f5b6d015587a1d6f582ba03b226a9ddb1dfb09878b3be04ef48b01b7d4eb6b2a"
            ],
            "version": "==19.0.0"
        },
        "rdflib": {
            "hashes": [
                "sha256:58d5994610105a457cff7fdfe3d683d87786c5028a45ae032982498a7e913d6f",
                "sha256:da1df14552555c5c7715d8ce71c08f404c988c58a1ecd38552d0da4fc261280d"
            ],
            "index": "pypi",
            "version": "==4.2.2"
        },
        "regex": {
            "hashes": [
                "sha256:01b2d70cbaed11f72e57c1cfbaca71b02e3b98f739ce33f5f26f71859ad90431",
                "sha256:046e83a8b160aff37e7034139a336b660b01dbfe58706f9d73f5cdc6b3460242",
                "sha256:113309e819634f499d0006f6200700c8209a2a8bf6bd1bdc863a4d9d6776a5d1",
                "sha256:200539b5124bc4721247a823a47d116a7a23e62cc6695744e3eb5454a8888e6d",
                "sha256:25f4ce26b68425b80a233ce7b6218743c71cf7297dbe02feab1d711a2bf90045",
                "sha256:269f0c5ff23639316b29f31df199f401e4cb87529eafff0c76828071635d417b",
                "sha256:5de40649d4f88a15c9489ed37f88f053c15400257eeb18425ac7ed0a4e119400",
                "sha256:7f78f963e62a61e294adb6ff5db901b629ef78cb2a1cfce3cf4eeba80c1c67aa",
                "sha256:82469a0c1330a4beb3d42568f82dffa32226ced006e0b063719468dcd40ffdf0",
                "sha256:8c2b7fa4d72781577ac45ab658da44c7518e6d96e2a50d04ecb0fd8f28b21d69",
                "sha256:974535648f31c2b712a6b2595969f8ab370834080e00ab24e5dbb9d19b8bfb74",
                "sha256:99272d6b6a68c7ae4391908fc15f6b8c9a6c345a46b632d7fdb7ef6c883a2bbb",
                "sha256:9b64a4cc825ec4df262050c17e18f60252cdd94742b4ba1286bcfe481f1c0f26",
                "sha256:9e9624440d754733eddbcd4614378c18713d2d9d0dc647cf9c72f64e39671be5",
                "sha256:9ff16d994309b26a1cdf666a6309c1ef51ad4f72f99d3392bcd7b7139577a1f2",
                "sha256:b33ebcd0222c1d77e61dbcd04a9fd139359bded86803063d3d2d197b796c63ce",
                "sha256:bba52d72e16a554d1894a0cc74041da50eea99a8483e591a9edf1025a66843ab",
                "sha256:bed7986547ce54d230fd8721aba6fd19459cdc6d315497b98686d0416efaff4e",
                "sha256:c7f58a0e0e13fb44623b65b01052dae8e820ed9b8b654bb6296bc9c41f571b70",
                "sha256:d58a4fa7910102500722defbde6e2816b0372a4fcc85c7e239323767c74f5cbc",
                "sha256:f1ac2dc65105a53c1c2d72b1d3e98c2464a133b4067a51a3d2477b28449709a0"
            ],
            "version": "==2020.2.20"
        },
        "send2trash": {
            "hashes": [
                "sha256:60001cc07d707fe247c94f74ca6ac0d3255aabcb930529690897ca2a39db28b2",
                "sha256:f1691922577b6fa12821234aeb57599d887c4900b9ca537948d2dac34aea888b"
            ],
            "version": "==1.5.0"
        },
        "six": {
            "hashes": [
                "sha256:236bdbdce46e6e6a3d61a337c0f8b763ca1e8717c03b369e87a7ec7ce1319c0a",
                "sha256:8f3cd2e254d8f793e7f3d6d9df77b92252b52637291d0f0da013c76ea2724b6c"
            ],
            "version": "==1.14.0"
        },
        "snaptime": {
            "hashes": [
                "sha256:e3f1eb89043d58d30721ab98cb65023f1a4c2740e3b197704298b163c92d508b"
            ],
            "version": "==0.2.4"
        },
        "terminado": {
            "hashes": [
                "sha256:4804a774f802306a7d9af7322193c5390f1da0abb429e082a10ef1d46e6fb2c2",
                "sha256:a43dcb3e353bc680dd0783b1d9c3fc28d529f190bc54ba9a229f72fe6e7a54d7"
            ],
            "version": "==0.8.3"
        },
        "testpath": {
            "hashes": [
                "sha256:60e0a3261c149755f4399a1fff7d37523179a70fdc3abdf78de9fc2604aeec7e",
                "sha256:bfcf9411ef4bf3db7579063e0546938b1edda3d69f4e1fb8756991f5951f85d4"
            ],
            "version": "==0.4.4"
        },
        "tornado": {
            "hashes": [
                "sha256:0fe2d45ba43b00a41cd73f8be321a44936dc1aba233dee979f17a042b83eb6dc",
                "sha256:22aed82c2ea340c3771e3babc5ef220272f6fd06b5108a53b4976d0d722bcd52",
                "sha256:2c027eb2a393d964b22b5c154d1a23a5f8727db6fda837118a776b29e2b8ebc6",
                "sha256:5217e601700f24e966ddab689f90b7ea4bd91ff3357c3600fa1045e26d68e55d",
                "sha256:5618f72e947533832cbc3dec54e1dffc1747a5cb17d1fd91577ed14fa0dc081b",
                "sha256:5f6a07e62e799be5d2330e68d808c8ac41d4a259b9cea61da4101b83cb5dc673",
                "sha256:c58d56003daf1b616336781b26d184023ea4af13ae143d9dda65e31e534940b9",
                "sha256:c952975c8ba74f546ae6de2e226ab3cc3cc11ae47baf607459a6728585bb542a",
                "sha256:c98232a3ac391f5faea6821b53db8db461157baa788f5d6222a193e9456e1740"
            ],
            "version": "==6.0.4"
        },
        "tqdm": {
            "hashes": [
                "sha256:3c4d4a5a41ef162dd61f1edb86b0e1c7859054ab656b2e7c7b77e7fbf6d9f392",
                "sha256:5b4d5549984503050883bc126280b386f5f4ca87e6c023c5d015655ad75bdebb"
            ],
            "index": "pypi",
            "version": "==4.28.1"
        },
        "traitlets": {
            "hashes": [
                "sha256:70b4c6a1d9019d7b4f6846832288f86998aa3b9207c6821f3578a6a6a467fe44",
                "sha256:d023ee369ddd2763310e4c3eae1ff649689440d4ae59d7485eb4cfbbe3e359f7"
            ],
            "version": "==4.3.3"
        },
        "tzlocal": {
            "hashes": [
                "sha256:4ebeb848845ac898da6519b9b31879cf13b6626f7184c496037b818e238f2c4e"
            ],
            "version": "==1.5.1"
        },
        "ujson": {
            "hashes": [
                "sha256:f66073e5506e91d204ab0c614a148d5aa938bdbf104751be66f8ad7a222f5f86"
            ],
            "index": "pypi",
            "version": "==1.35"
        },
        "wcwidth": {
            "hashes": [
                "sha256:cafe2186b3c009a04067022ce1dcd79cb38d8d65ee4f4791b8888d6599d1bbe1",
                "sha256:ee73862862a156bf77ff92b09034fc4825dd3af9cf81bc5b360668d425f3c5f1"
            ],
            "version": "==0.1.9"
        },
        "webencodings": {
            "hashes": [
                "sha256:a0af1213f3c2226497a97e2b3aa01a7e4bee4f403f95be16fc9acd2947514a78",
                "sha256:b36a1c245f2d304965eb4e0a82848379241dc04b865afcc4aab16748587e1923"
            ],
            "version": "==0.5.1"
        },
        "zipp": {
            "hashes": [
                "sha256:aa36550ff0c0b7ef7fa639055d797116ee891440eac1a56f378e2d3179e0320b",
                "sha256:c599e4d75c98f6798c509911d08a22e6c021d074469042177c8c86fb92eefd96"
            ],
            "version": "==3.1.0"
        }
    },
    "develop": {}
}
